# This file is automatically @generated by Cargo.
# It is not intended for manual editing.
version = 3

[[package]]
name = "simple_2d_vector"
version = "0.2.0"
source = "registry+https://github.com/rust-lang/crates.io-index"
checksum = "2f8f215dbedc92d9e0ac7af8f095ddfc59dd69a0b9805635fea9e795cd0939b1"

[[package]]
name = "simple_3d_vector"
version = "0.1.0"
dependencies = [
 "simple_2d_vector",
]
